
Microsoft Visual Studio Solution File, Format Version 12.00
# Visual Studio 15
VisualStudioVersion = 15.0.28307.106
MinimumVisualStudioVersion = 10.0.40219.1
Project("{FAE04EC0-301F-11D3-BF4B-00C04F79EFBC}") = "Sales.Android", "Sales\Sales.Android\Sales.Android.csproj", "{6FA94418-E00F-4A8B-B56C-9FD757B5DCE9}"
EndProject
Project("{FAE04EC0-301F-11D3-BF4B-00C04F79EFBC}") = "Sales.iOS", "Sales\Sales.iOS\Sales.iOS.csproj", "{7ECC7A92-B3EC-4129-9547-DE15EBF7BAA2}"
EndProject
Project("{9A19103F-16F7-4668-BE54-9A1E7A4F7556}") = "Sales", "Sales\Sales\Sales.csproj", "{DAC6DB4B-2B31-4F59-BE7D-45FB42F1563D}"
EndProject
Project("{FAE04EC0-301F-11D3-BF4B-00C04F79EFBC}") = "Sales.Backend", "Sales.Backend\Sales.Backend.csproj", "{B9E132BD-0A7A-42DA-840A-386201FF3BF0}"
EndProject
Project("{FAE04EC0-301F-11D3-BF4B-00C04F79EFBC}") = "Sales.API", "Sales.API\Sales.API.csproj", "{9970BFB7-60EB-49EA-85B8-1AE3DDE3A665}"
EndProject
Project("{FAE04EC0-301F-11D3-BF4B-00C04F79EFBC}") = "Sales.Domain", "Sales.Domain\Sales.Domain.csproj", "{490F20DB-FE7F-4F28-96DF-4EF844E4352B}"
EndProject
Project("{FAE04EC0-301F-11D3-BF4B-00C04F79EFBC}") = "Sales.Common", "Sales.Common\Sales.Common.csproj", "{66E33E52-C914-4CFB-97AA-5B4310A80996}"
EndProject
Global
	GlobalSection(SolutionConfigurationPlatforms) = preSolution
		Ad-Hoc|Any CPU = Ad-Hoc|Any CPU
		Ad-Hoc|iPhone = Ad-Hoc|iPhone
		Ad-Hoc|iPhoneSimulator = Ad-Hoc|iPhoneSimulator
		AppStore|Any CPU = AppStore|Any CPU
		AppStore|iPhone = AppStore|iPhone
		AppStore|iPhoneSimulator = AppStore|iPhoneSimulator
		Debug|Any CPU = Debug|Any CPU
		Debug|iPhone = Debug|iPhone
		Debug|iPhoneSimulator = Debug|iPhoneSimulator
		Release|Any CPU = Release|Any CPU
		Release|iPhone = Release|iPhone
		Release|iPhoneSimulator = Release|iPhoneSimulator
	EndGlobalSection
	GlobalSection(ProjectConfigurationPlatforms) = postSolution
		{6FA94418-E00F-4A8B-B56C-9FD757B5DCE9}.Ad-Hoc|Any CPU.ActiveCfg = Release|Any CPU
		{6FA94418-E00F-4A8B-B56C-9FD757B5DCE9}.Ad-Hoc|Any CPU.Build.0 = Release|Any CPU
		{6FA94418-E00F-4A8B-B56C-9FD757B5DCE9}.Ad-Hoc|Any CPU.Deploy.0 = Release|Any CPU
		{6FA94418-E00F-4A8B-B56C-9FD757B5DCE9}.Ad-Hoc|iPhone.ActiveCfg = Release|Any CPU
		{6FA94418-E00F-4A8B-B56C-9FD757B5DCE9}.Ad-Hoc|iPhone.Build.0 = Release|Any CPU
		{6FA94418-E00F-4A8B-B56C-9FD757B5DCE9}.Ad-Hoc|iPhone.Deploy.0 = Release|Any CPU
		{6FA94418-E00F-4A8B-B56C-9FD757B5DCE9}.Ad-Hoc|iPhoneSimulator.ActiveCfg = Release|Any CPU
		{6FA94418-E00F-4A8B-B56C-9FD757B5DCE9}.Ad-Hoc|iPhoneSimulator.Build.0 = Release|Any CPU
		{6FA94418-E00F-4A8B-B56C-9FD757B5DCE9}.Ad-Hoc|iPhoneSimulator.Deploy.0 = Release|Any CPU
		{6FA94418-E00F-4A8B-B56C-9FD757B5DCE9}.AppStore|Any CPU.ActiveCfg = Release|Any CPU
		{6FA94418-E00F-4A8B-B56C-9FD757B5DCE9}.AppStore|Any CPU.Build.0 = Release|Any CPU
		{6FA94418-E00F-4A8B-B56C-9FD757B5DCE9}.AppStore|Any CPU.Deploy.0 = Release|Any CPU
		{6FA94418-E00F-4A8B-B56C-9FD757B5DCE9}.AppStore|iPhone.ActiveCfg = Release|Any CPU
		{6FA94418-E00F-4A8B-B56C-9FD757B5DCE9}.AppStore|iPhone.Build.0 = Release|Any CPU
		{6FA94418-E00F-4A8B-B56C-9FD757B5DCE9}.AppStore|iPhone.Deploy.0 = Release|Any CPU
		{6FA94418-E00F-4A8B-B56C-9FD757B5DCE9}.AppStore|iPhoneSimulator.ActiveCfg = Release|Any CPU
		{6FA94418-E00F-4A8B-B56C-9FD757B5DCE9}.AppStore|iPhoneSimulator.Build.0 = Release|Any CPU
		{6FA94418-E00F-4A8B-B56C-9FD757B5DCE9}.AppStore|iPhoneSimulator.Deploy.0 = Release|Any CPU
		{6FA94418-E00F-4A8B-B56C-9FD757B5DCE9}.Debug|Any CPU.ActiveCfg = Debug|Any CPU
		{6FA94418-E00F-4A8B-B56C-9FD757B5DCE9}.Debug|Any CPU.Build.0 = Debug|Any CPU
		{6FA94418-E00F-4A8B-B56C-9FD757B5DCE9}.Debug|Any CPU.Deploy.0 = Debug|Any CPU
		{6FA94418-E00F-4A8B-B56C-9FD757B5DCE9}.Debug|iPhone.ActiveCfg = Debug|Any CPU
		{6FA94418-E00F-4A8B-B56C-9FD757B5DCE9}.Debug|iPhone.Build.0 = Debug|Any CPU
		{6FA94418-E00F-4A8B-B56C-9FD757B5DCE9}.Debug|iPhone.Deploy.0 = Debug|Any CPU
		{6FA94418-E00F-4A8B-B56C-9FD757B5DCE9}.Debug|iPhoneSimulator.ActiveCfg = Debug|Any CPU
		{6FA94418-E00F-4A8B-B56C-9FD757B5DCE9}.Debug|iPhoneSimulator.Build.0 = Debug|Any CPU
		{6FA94418-E00F-4A8B-B56C-9FD757B5DCE9}.Debug|iPhoneSimulator.Deploy.0 = Debug|Any CPU
		{6FA94418-E00F-4A8B-B56C-9FD757B5DCE9}.Release|Any CPU.ActiveCfg = Release|Any CPU
		{6FA94418-E00F-4A8B-B56C-9FD757B5DCE9}.Release|Any CPU.Build.0 = Release|Any CPU
		{6FA94418-E00F-4A8B-B56C-9FD757B5DCE9}.Release|Any CPU.Deploy.0 = Release|Any CPU
		{6FA94418-E00F-4A8B-B56C-9FD757B5DCE9}.Release|iPhone.ActiveCfg = Release|Any CPU
		{6FA94418-E00F-4A8B-B56C-9FD757B5DCE9}.Release|iPhone.Build.0 = Release|Any CPU
		{6FA94418-E00F-4A8B-B56C-9FD757B5DCE9}.Release|iPhone.Deploy.0 = Release|Any CPU
		{6FA94418-E00F-4A8B-B56C-9FD757B5DCE9}.Release|iPhoneSimulator.ActiveCfg = Release|Any CPU
		{6FA94418-E00F-4A8B-B56C-9FD757B5DCE9}.Release|iPhoneSimulator.Build.0 = Release|Any CPU
		{6FA94418-E00F-4A8B-B56C-9FD757B5DCE9}.Release|iPhoneSimulator.Deploy.0 = Release|Any CPU
		{7ECC7A92-B3EC-4129-9547-DE15EBF7BAA2}.Ad-Hoc|Any CPU.ActiveCfg = Ad-Hoc|iPhone
		{7ECC7A92-B3EC-4129-9547-DE15EBF7BAA2}.Ad-Hoc|Any CPU.Build.0 = Ad-Hoc|iPhone
		{7ECC7A92-B3EC-4129-9547-DE15EBF7BAA2}.Ad-Hoc|Any CPU.Deploy.0 = Ad-Hoc|iPhone
		{7ECC7A92-B3EC-4129-9547-DE15EBF7BAA2}.Ad-Hoc|iPhone.ActiveCfg = Ad-Hoc|iPhone
		{7ECC7A92-B3EC-4129-9547-DE15EBF7BAA2}.Ad-Hoc|iPhone.Build.0 = Ad-Hoc|iPhone
		{7ECC7A92-B3EC-4129-9547-DE15EBF7BAA2}.Ad-Hoc|iPhone.Deploy.0 = Ad-Hoc|iPhone
		{7ECC7A92-B3EC-4129-9547-DE15EBF7BAA2}.Ad-Hoc|iPhoneSimulator.ActiveCfg = Ad-Hoc|iPhoneSimulator
		{7ECC7A92-B3EC-4129-9547-DE15EBF7BAA2}.Ad-Hoc|iPhoneSimulator.Build.0 = Ad-Hoc|iPhoneSimulator
		{7ECC7A92-B3EC-4129-9547-DE15EBF7BAA2}.Ad-Hoc|iPhoneSimulator.Deploy.0 = Ad-Hoc|iPhoneSimulator
		{7ECC7A92-B3EC-4129-9547-DE15EBF7BAA2}.AppStore|Any CPU.ActiveCfg = AppStore|iPhone
		{7ECC7A92-B3EC-4129-9547-DE15EBF7BAA2}.AppStore|Any CPU.Build.0 = AppStore|iPhone
		{7ECC7A92-B3EC-4129-9547-DE15EBF7BAA2}.AppStore|Any CPU.Deploy.0 = AppStore|iPhone
		{7ECC7A92-B3EC-4129-9547-DE15EBF7BAA2}.AppStore|iPhone.ActiveCfg = AppStore|iPhone
		{7ECC7A92-B3EC-4129-9547-DE15EBF7BAA2}.AppStore|iPhone.Build.0 = AppStore|iPhone
		{7ECC7A92-B3EC-4129-9547-DE15EBF7BAA2}.AppStore|iPhone.Deploy.0 = AppStore|iPhone
		{7ECC7A92-B3EC-4129-9547-DE15EBF7BAA2}.AppStore|iPhoneSimulator.ActiveCfg = AppStore|iPhoneSimulator
		{7ECC7A92-B3EC-4129-9547-DE15EBF7BAA2}.AppStore|iPhoneSimulator.Build.0 = AppStore|iPhoneSimulator
		{7ECC7A92-B3EC-4129-9547-DE15EBF7BAA2}.AppStore|iPhoneSimulator.Deploy.0 = AppStore|iPhoneSimulator
		{7ECC7A92-B3EC-4129-9547-DE15EBF7BAA2}.Debug|Any CPU.ActiveCfg = Debug|iPhoneSimulator
		{7ECC7A92-B3EC-4129-9547-DE15EBF7BAA2}.Debug|Any CPU.Build.0 = Debug|iPhoneSimulator
		{7ECC7A92-B3EC-4129-9547-DE15EBF7BAA2}.Debug|Any CPU.Deploy.0 = Debug|iPhoneSimulator
		{7ECC7A92-B3EC-4129-9547-DE15EBF7BAA2}.Debug|iPhone.ActiveCfg = Debug|iPhone
		{7ECC7A92-B3EC-4129-9547-DE15EBF7BAA2}.Debug|iPhone.Build.0 = Debug|iPhone
		{7ECC7A92-B3EC-4129-9547-DE15EBF7BAA2}.Debug|iPhone.Deploy.0 = Debug|iPhone
		{7ECC7A92-B3EC-4129-9547-DE15EBF7BAA2}.Debug|iPhoneSimulator.ActiveCfg = Debug|iPhoneSimulator
		{7ECC7A92-B3EC-4129-9547-DE15EBF7BAA2}.Debug|iPhoneSimulator.Build.0 = Debug|iPhoneSimulator
		{7ECC7A92-B3EC-4129-9547-DE15EBF7BAA2}.Debug|iPhoneSimulator.Deploy.0 = Debug|iPhoneSimulator
		{7ECC7A92-B3EC-4129-9547-DE15EBF7BAA2}.Release|Any CPU.ActiveCfg = Release|iPhone
		{7ECC7A92-B3EC-4129-9547-DE15EBF7BAA2}.Release|Any CPU.Build.0 = Release|iPhone
		{7ECC7A92-B3EC-4129-9547-DE15EBF7BAA2}.Release|Any CPU.Deploy.0 = Release|iPhone
		{7ECC7A92-B3EC-4129-9547-DE15EBF7BAA2}.Release|iPhone.ActiveCfg = Release|iPhone
		{7ECC7A92-B3EC-4129-9547-DE15EBF7BAA2}.Release|iPhone.Build.0 = Release|iPhone
		{7ECC7A92-B3EC-4129-9547-DE15EBF7BAA2}.Release|iPhone.Deploy.0 = Release|iPhone
		{7ECC7A92-B3EC-4129-9547-DE15EBF7BAA2}.Release|iPhoneSimulator.ActiveCfg = Release|iPhoneSimulator
		{7ECC7A92-B3EC-4129-9547-DE15EBF7BAA2}.Release|iPhoneSimulator.Build.0 = Release|iPhoneSimulator
		{7ECC7A92-B3EC-4129-9547-DE15EBF7BAA2}.Release|iPhoneSimulator.Deploy.0 = Release|iPhoneSimulator
		{DAC6DB4B-2B31-4F59-BE7D-45FB42F1563D}.Ad-Hoc|Any CPU.ActiveCfg = Debug|Any CPU
		{DAC6DB4B-2B31-4F59-BE7D-45FB42F1563D}.Ad-Hoc|Any CPU.Build.0 = Debug|Any CPU
		{DAC6DB4B-2B31-4F59-BE7D-45FB42F1563D}.Ad-Hoc|Any CPU.Deploy.0 = Debug|Any CPU
		{DAC6DB4B-2B31-4F59-BE7D-45FB42F1563D}.Ad-Hoc|iPhone.ActiveCfg = Debug|Any CPU
		{DAC6DB4B-2B31-4F59-BE7D-45FB42F1563D}.Ad-Hoc|iPhone.Build.0 = Debug|Any CPU
		{DAC6DB4B-2B31-4F59-BE7D-45FB42F1563D}.Ad-Hoc|iPhone.Deploy.0 = Debug|Any CPU
		{DAC6DB4B-2B31-4F59-BE7D-45FB42F1563D}.Ad-Hoc|iPhoneSimulator.ActiveCfg = Debug|Any CPU
		{DAC6DB4B-2B31-4F59-BE7D-45FB42F1563D}.Ad-Hoc|iPhoneSimulator.Build.0 = Debug|Any CPU
		{DAC6DB4B-2B31-4F59-BE7D-45FB42F1563D}.Ad-Hoc|iPhoneSimulator.Deploy.0 = Debug|Any CPU
		{DAC6DB4B-2B31-4F59-BE7D-45FB42F1563D}.AppStore|Any CPU.ActiveCfg = Debug|Any CPU
		{DAC6DB4B-2B31-4F59-BE7D-45FB42F1563D}.AppStore|Any CPU.Build.0 = Debug|Any CPU
		{DAC6DB4B-2B31-4F59-BE7D-45FB42F1563D}.AppStore|Any CPU.Deploy.0 = Debug|Any CPU
		{DAC6DB4B-2B31-4F59-BE7D-45FB42F1563D}.AppStore|iPhone.ActiveCfg = Debug|Any CPU
		{DAC6DB4B-2B31-4F59-BE7D-45FB42F1563D}.AppStore|iPhone.Build.0 = Debug|Any CPU
		{DAC6DB4B-2B31-4F59-BE7D-45FB42F1563D}.AppStore|iPhone.Deploy.0 = Debug|Any CPU
		{DAC6DB4B-2B31-4F59-BE7D-45FB42F1563D}.AppStore|iPhoneSimulator.ActiveCfg = Debug|Any CPU
		{DAC6DB4B-2B31-4F59-BE7D-45FB42F1563D}.AppStore|iPhoneSimulator.Build.0 = Debug|Any CPU
		{DAC6DB4B-2B31-4F59-BE7D-45FB42F1563D}.AppStore|iPhoneSimulator.Deploy.0 = Debug|Any CPU
		{DAC6DB4B-2B31-4F59-BE7D-45FB42F1563D}.Debug|Any CPU.ActiveCfg = Debug|Any CPU
		{DAC6DB4B-2B31-4F59-BE7D-45FB42F1563D}.Debug|Any CPU.Build.0 = Debug|Any CPU
		{DAC6DB4B-2B31-4F59-BE7D-45FB42F1563D}.Debug|Any CPU.Deploy.0 = Debug|Any CPU
		{DAC6DB4B-2B31-4F59-BE7D-45FB42F1563D}.Debug|iPhone.ActiveCfg = Debug|Any CPU
		{DAC6DB4B-2B31-4F59-BE7D-45FB42F1563D}.Debug|iPhone.Build.0 = Debug|Any CPU
		{DAC6DB4B-2B31-4F59-BE7D-45FB42F1563D}.Debug|iPhone.Deploy.0 = Debug|Any CPU
		{DAC6DB4B-2B31-4F59-BE7D-45FB42F1563D}.Debug|iPhoneSimulator.ActiveCfg = Debug|Any CPU
		{DAC6DB4B-2B31-4F59-BE7D-45FB42F1563D}.Debug|iPhoneSimulator.Build.0 = Debug|Any CPU
		{DAC6DB4B-2B31-4F59-BE7D-45FB42F1563D}.Debug|iPhoneSimulator.Deploy.0 = Debug|Any CPU
		{DAC6DB4B-2B31-4F59-BE7D-45FB42F1563D}.Release|Any CPU.ActiveCfg = Release|Any CPU
		{DAC6DB4B-2B31-4F59-BE7D-45FB42F1563D}.Release|Any CPU.Build.0 = Release|Any CPU
		{DAC6DB4B-2B31-4F59-BE7D-45FB42F1563D}.Release|Any CPU.Deploy.0 = Release|Any CPU
		{DAC6DB4B-2B31-4F59-BE7D-45FB42F1563D}.Release|iPhone.ActiveCfg = Release|Any CPU
		{DAC6DB4B-2B31-4F59-BE7D-45FB42F1563D}.Release|iPhone.Build.0 = Release|Any CPU
		{DAC6DB4B-2B31-4F59-BE7D-45FB42F1563D}.Release|iPhone.Deploy.0 = Release|Any CPU
		{DAC6DB4B-2B31-4F59-BE7D-45FB42F1563D}.Release|iPhoneSimulator.ActiveCfg = Release|Any CPU
		{DAC6DB4B-2B31-4F59-BE7D-45FB42F1563D}.Release|iPhoneSimulator.Build.0 = Release|Any CPU
		{DAC6DB4B-2B31-4F59-BE7D-45FB42F1563D}.Release|iPhoneSimulator.Deploy.0 = Release|Any CPU
		{B9E132BD-0A7A-42DA-840A-386201FF3BF0}.Ad-Hoc|Any CPU.ActiveCfg = Release|Any CPU
		{B9E132BD-0A7A-42DA-840A-386201FF3BF0}.Ad-Hoc|Any CPU.Build.0 = Release|Any CPU
		{B9E132BD-0A7A-42DA-840A-386201FF3BF0}.Ad-Hoc|iPhone.ActiveCfg = Release|Any CPU
		{B9E132BD-0A7A-42DA-840A-386201FF3BF0}.Ad-Hoc|iPhone.Build.0 = Release|Any CPU
		{B9E132BD-0A7A-42DA-840A-386201FF3BF0}.Ad-Hoc|iPhoneSimulator.ActiveCfg = Release|Any CPU
		{B9E132BD-0A7A-42DA-840A-386201FF3BF0}.Ad-Hoc|iPhoneSimulator.Build.0 = Release|Any CPU
		{B9E132BD-0A7A-42DA-840A-386201FF3BF0}.AppStore|Any CPU.ActiveCfg = Release|Any CPU
		{B9E132BD-0A7A-42DA-840A-386201FF3BF0}.AppStore|Any CPU.Build.0 = Release|Any CPU
		{B9E132BD-0A7A-42DA-840A-386201FF3BF0}.AppStore|iPhone.ActiveCfg = Release|Any CPU
		{B9E132BD-0A7A-42DA-840A-386201FF3BF0}.AppStore|iPhone.Build.0 = Release|Any CPU
		{B9E132BD-0A7A-42DA-840A-386201FF3BF0}.AppStore|iPhoneSimulator.ActiveCfg = Release|Any CPU
		{B9E132BD-0A7A-42DA-840A-386201FF3BF0}.AppStore|iPhoneSimulator.Build.0 = Release|Any CPU
		{B9E132BD-0A7A-42DA-840A-386201FF3BF0}.Debug|Any CPU.ActiveCfg = Debug|Any CPU
		{B9E132BD-0A7A-42DA-840A-386201FF3BF0}.Debug|Any CPU.Build.0 = Debug|Any CPU
		{B9E132BD-0A7A-42DA-840A-386201FF3BF0}.Debug|iPhone.ActiveCfg = Debug|Any CPU
		{B9E132BD-0A7A-42DA-840A-386201FF3BF0}.Debug|iPhone.Build.0 = Debug|Any CPU
		{B9E132BD-0A7A-42DA-840A-386201FF3BF0}.Debug|iPhoneSimulator.ActiveCfg = Debug|Any CPU
		{B9E132BD-0A7A-42DA-840A-386201FF3BF0}.Debug|iPhoneSimulator.Build.0 = Debug|Any CPU
		{B9E132BD-0A7A-42DA-840A-386201FF3BF0}.Release|Any CPU.ActiveCfg = Release|Any CPU
		{B9E132BD-0A7A-42DA-840A-386201FF3BF0}.Release|Any CPU.Build.0 = Release|Any CPU
		{B9E132BD-0A7A-42DA-840A-386201FF3BF0}.Release|iPhone.ActiveCfg = Release|Any CPU
		{B9E132BD-0A7A-42DA-840A-386201FF3BF0}.Release|iPhone.Build.0 = Release|Any CPU
		{B9E132BD-0A7A-42DA-840A-386201FF3BF0}.Release|iPhoneSimulator.ActiveCfg = Release|Any CPU
		{B9E132BD-0A7A-42DA-840A-386201FF3BF0}.Release|iPhoneSimulator.Build.0 = Release|Any CPU
		{9970BFB7-60EB-49EA-85B8-1AE3DDE3A665}.Ad-Hoc|Any CPU.ActiveCfg = Release|Any CPU
		{9970BFB7-60EB-49EA-85B8-1AE3DDE3A665}.Ad-Hoc|Any CPU.Build.0 = Release|Any CPU
		{9970BFB7-60EB-49EA-85B8-1AE3DDE3A665}.Ad-Hoc|iPhone.ActiveCfg = Release|Any CPU
		{9970BFB7-60EB-49EA-85B8-1AE3DDE3A665}.Ad-Hoc|iPhone.Build.0 = Release|Any CPU
		{9970BFB7-60EB-49EA-85B8-1AE3DDE3A665}.Ad-Hoc|iPhoneSimulator.ActiveCfg = Release|Any CPU
		{9970BFB7-60EB-49EA-85B8-1AE3DDE3A665}.Ad-Hoc|iPhoneSimulator.Build.0 = Release|Any CPU
		{9970BFB7-60EB-49EA-85B8-1AE3DDE3A665}.AppStore|Any CPU.ActiveCfg = Release|Any CPU
		{9970BFB7-60EB-49EA-85B8-1AE3DDE3A665}.AppStore|Any CPU.Build.0 = Release|Any CPU
		{9970BFB7-60EB-49EA-85B8-1AE3DDE3A665}.AppStore|iPhone.ActiveCfg = Release|Any CPU
		{9970BFB7-60EB-49EA-85B8-1AE3DDE3A665}.AppStore|iPhone.Build.0 = Release|Any CPU
		{9970BFB7-60EB-49EA-85B8-1AE3DDE3A665}.AppStore|iPhoneSimulator.ActiveCfg = Release|Any CPU
		{9970BFB7-60EB-49EA-85B8-1AE3DDE3A665}.AppStore|iPhoneSimulator.Build.0 = Release|Any CPU
		{9970BFB7-60EB-49EA-85B8-1AE3DDE3A665}.Debug|Any CPU.ActiveCfg = Debug|Any CPU
		{9970BFB7-60EB-49EA-85B8-1AE3DDE3A665}.Debug|Any CPU.Build.0 = Debug|Any CPU
		{9970BFB7-60EB-49EA-85B8-1AE3DDE3A665}.Debug|iPhone.ActiveCfg = Debug|Any CPU
		{9970BFB7-60EB-49EA-85B8-1AE3DDE3A665}.Debug|iPhone.Build.0 = Debug|Any CPU
		{9970BFB7-60EB-49EA-85B8-1AE3DDE3A665}.Debug|iPhoneSimulator.ActiveCfg = Debug|Any CPU
		{9970BFB7-60EB-49EA-85B8-1AE3DDE3A665}.Debug|iPhoneSimulator.Build.0 = Debug|Any CPU
		{9970BFB7-60EB-49EA-85B8-1AE3DDE3A665}.Release|Any CPU.ActiveCfg = Release|Any CPU
		{9970BFB7-60EB-49EA-85B8-1AE3DDE3A665}.Release|Any CPU.Build.0 = Release|Any CPU
		{9970BFB7-60EB-49EA-85B8-1AE3DDE3A665}.Release|iPhone.ActiveCfg = Release|Any CPU
		{9970BFB7-60EB-49EA-85B8-1AE3DDE3A665}.Release|iPhone.Build.0 = Release|Any CPU
		{9970BFB7-60EB-49EA-85B8-1AE3DDE3A665}.Release|iPhoneSimulator.ActiveCfg = Release|Any CPU
		{9970BFB7-60EB-49EA-85B8-1AE3DDE3A665}.Release|iPhoneSimulator.Build.0 = Release|Any CPU
		{490F20DB-FE7F-4F28-96DF-4EF844E4352B}.Ad-Hoc|Any CPU.ActiveCfg = Release|Any CPU
		{490F20DB-FE7F-4F28-96DF-4EF844E4352B}.Ad-Hoc|Any CPU.Build.0 = Release|Any CPU
		{490F20DB-FE7F-4F28-96DF-4EF844E4352B}.Ad-Hoc|iPhone.ActiveCfg = Release|Any CPU
		{490F20DB-FE7F-4F28-96DF-4EF844E4352B}.Ad-Hoc|iPhone.Build.0 = Release|Any CPU
		{490F20DB-FE7F-4F28-96DF-4EF844E4352B}.Ad-Hoc|iPhoneSimulator.ActiveCfg = Release|Any CPU
		{490F20DB-FE7F-4F28-96DF-4EF844E4352B}.Ad-Hoc|iPhoneSimulator.Build.0 = Release|Any CPU
		{490F20DB-FE7F-4F28-96DF-4EF844E4352B}.AppStore|Any CPU.ActiveCfg = Release|Any CPU
		{490F20DB-FE7F-4F28-96DF-4EF844E4352B}.AppStore|Any CPU.Build.0 = Release|Any CPU
		{490F20DB-FE7F-4F28-96DF-4EF844E4352B}.AppStore|iPhone.ActiveCfg = Release|Any CPU
		{490F20DB-FE7F-4F28-96DF-4EF844E4352B}.AppStore|iPhone.Build.0 = Release|Any CPU
		{490F20DB-FE7F-4F28-96DF-4EF844E4352B}.AppStore|iPhoneSimulator.ActiveCfg = Release|Any CPU
		{490F20DB-FE7F-4F28-96DF-4EF844E4352B}.AppStore|iPhoneSimulator.Build.0 = Release|Any CPU
		{490F20DB-FE7F-4F28-96DF-4EF844E4352B}.Debug|Any CPU.ActiveCfg = Debug|Any CPU
		{490F20DB-FE7F-4F28-96DF-4EF844E4352B}.Debug|Any CPU.Build.0 = Debug|Any CPU
		{490F20DB-FE7F-4F28-96DF-4EF844E4352B}.Debug|iPhone.ActiveCfg = Debug|Any CPU
		{490F20DB-FE7F-4F28-96DF-4EF844E4352B}.Debug|iPhone.Build.0 = Debug|Any CPU
		{490F20DB-FE7F-4F28-96DF-4EF844E4352B}.Debug|iPhoneSimulator.ActiveCfg = Debug|Any CPU
		{490F20DB-FE7F-4F28-96DF-4EF844E4352B}.Debug|iPhoneSimulator.Build.0 = Debug|Any CPU
		{490F20DB-FE7F-4F28-96DF-4EF844E4352B}.Release|Any CPU.ActiveCfg = Release|Any CPU
		{490F20DB-FE7F-4F28-96DF-4EF844E4352B}.Release|Any CPU.Build.0 = Release|Any CPU
		{490F20DB-FE7F-4F28-96DF-4EF844E4352B}.Release|iPhone.ActiveCfg = Release|Any CPU
		{490F20DB-FE7F-4F28-96DF-4EF844E4352B}.Release|iPhone.Build.0 = Release|Any CPU
		{490F20DB-FE7F-4F28-96DF-4EF844E4352B}.Release|iPhoneSimulator.ActiveCfg = Release|Any CPU
		{490F20DB-FE7F-4F28-96DF-4EF844E4352B}.Release|iPhoneSimulator.Build.0 = Release|Any CPU
		{66E33E52-C914-4CFB-97AA-5B4310A80996}.Ad-Hoc|Any CPU.ActiveCfg = Release|Any CPU
		{66E33E52-C914-4CFB-97AA-5B4310A80996}.Ad-Hoc|Any CPU.Build.0 = Release|Any CPU
		{66E33E52-C914-4CFB-97AA-5B4310A80996}.Ad-Hoc|iPhone.ActiveCfg = Release|Any CPU
		{66E33E52-C914-4CFB-97AA-5B4310A80996}.Ad-Hoc|iPhone.Build.0 = Release|Any CPU
		{66E33E52-C914-4CFB-97AA-5B4310A80996}.Ad-Hoc|iPhoneSimulator.ActiveCfg = Release|Any CPU
		{66E33E52-C914-4CFB-97AA-5B4310A80996}.Ad-Hoc|iPhoneSimulator.Build.0 = Release|Any CPU
		{66E33E52-C914-4CFB-97AA-5B4310A80996}.AppStore|Any CPU.ActiveCfg = Release|Any CPU
		{66E33E52-C914-4CFB-97AA-5B4310A80996}.AppStore|Any CPU.Build.0 = Release|Any CPU
		{66E33E52-C914-4CFB-97AA-5B4310A80996}.AppStore|iPhone.ActiveCfg = Release|Any CPU
		{66E33E52-C914-4CFB-97AA-5B4310A80996}.AppStore|iPhone.Build.0 = Release|Any CPU
		{66E33E52-C914-4CFB-97AA-5B4310A80996}.AppStore|iPhoneSimulator.ActiveCfg = Release|Any CPU
		{66E33E52-C914-4CFB-97AA-5B4310A80996}.AppStore|iPhoneSimulator.Build.0 = Release|Any CPU
		{66E33E52-C914-4CFB-97AA-5B4310A80996}.Debug|Any CPU.ActiveCfg = Debug|Any CPU
		{66E33E52-C914-4CFB-97AA-5B4310A80996}.Debug|Any CPU.Build.0 = Debug|Any CPU
		{66E33E52-C914-4CFB-97AA-5B4310A80996}.Debug|iPhone.ActiveCfg = Debug|Any CPU
		{66E33E52-C914-4CFB-97AA-5B4310A80996}.Debug|iPhone.Build.0 = Debug|Any CPU
		{66E33E52-C914-4CFB-97AA-5B4310A80996}.Debug|iPhoneSimulator.ActiveCfg = Debug|Any CPU
		{66E33E52-C914-4CFB-97AA-5B4310A80996}.Debug|iPhoneSimulator.Build.0 = Debug|Any CPU
		{66E33E52-C914-4CFB-97AA-5B4310A80996}.Release|Any CPU.ActiveCfg = Release|Any CPU
		{66E33E52-C914-4CFB-97AA-5B4310A80996}.Release|Any CPU.Build.0 = Release|Any CPU
		{66E33E52-C914-4CFB-97AA-5B4310A80996}.Release|iPhone.ActiveCfg = Release|Any CPU
		{66E33E52-C914-4CFB-97AA-5B4310A80996}.Release|iPhone.Build.0 = Release|Any CPU
		{66E33E52-C914-4CFB-97AA-5B4310A80996}.Release|iPhoneSimulator.ActiveCfg = Release|Any CPU
		{66E33E52-C914-4CFB-97AA-5B4310A80996}.Release|iPhoneSimulator.Build.0 = Release|Any CPU
	EndGlobalSection
	GlobalSection(SolutionProperties) = preSolution
		HideSolutionNode = FALSE
	EndGlobalSection
	GlobalSection(ExtensibilityGlobals) = postSolution
		SolutionGuid = {65BCC3DF-39A4-4B2A-99CE-DF3934FC17B2}
	EndGlobalSection
EndGlobal
